<?xml version="1.0" encoding="utf-8"?>
<Project ToolsVersion="4.0" xmlns="http://schemas.microsoft.com/developer/msbuild/2003">
  <ItemGroup>
    <Filter Include="소스 파일">
      <UniqueIdentifier>{4FC737F1-C7A5-4376-A066-2A32D752A2FF}</UniqueIdentifier>
      <Extensions>cpp;c;cc;cxx;def;odl;idl;hpj;bat;asm;asmx</Extensions>
    </Filter>
    <Filter Include="헤더 파일">
      <UniqueIdentifier>{93995380-89BD-4b04-88EB-625FBE52EBFB}</UniqueIdentifier>
      <Extensions>h;hpp;hxx;hm;inl;inc;xsd</Extensions>
    </Filter>
    <Filter Include="리소스 파일">
      <UniqueIdentifier>{67DA6AB6-F800-4c08-8B7A-83BB121AAD01}</UniqueIdentifier>
      <Extensions>rc;ico;cur;bmp;dlg;rc2;rct;bin;rgs;gif;jpg;jpeg;jpe;resx;tiff;tif;png;wav</Extensions>
    </Filter>
    <Filter Include="Base">
      <UniqueIdentifier>{69b34c0b-1fd8-46da-9ae9-e33240d66045}</UniqueIdentifier>
    </Filter>
    <Filter Include="Base\utility">
      <UniqueIdentifier>{26eb16c0-12a6-4cb1-8056-53220e876462}</UniqueIdentifier>
    </Filter>
    <Filter Include="Base\control">
      <UniqueIdentifier>{f01f2527-593e-4fba-9971-82076a237b25}</UniqueIdentifier>
    </Filter>
    <Filter Include="Base\Graphic">
      <UniqueIdentifier>{f68931e9-fea0-48d9-8ccc-8364622c3f3e}</UniqueIdentifier>
    </Filter>
  </ItemGroup>
  <ItemGroup>
    <ClCompile Include="TestApp.cpp">
      <Filter>소스 파일</Filter>
    </ClCompile>
    <ClCompile Include="winmain.cpp">
      <Filter>헤더 파일</Filter>
    </ClCompile>
    <ClCompile Include="BaseType.cpp">
      <Filter>Base\utility</Filter>
    </ClCompile>
    <ClCompile Include="DoubleBuffer.cpp">
      <Filter>Base\utility</Filter>
    </ClCompile>
    <ClCompile Include="InputDevice.cpp">
      <Filter>Base\utility</Filter>
    </ClCompile>
    <ClCompile Include="Control.cpp">
      <Filter>Base\control</Filter>
    </ClCompile>
  </ItemGroup>
  <ItemGroup>
    <ClInclude Include="TestApp.h">
      <Filter>헤더 파일</Filter>
    </ClInclude>
    <ClInclude Include="GameDev.h">
      <Filter>Base</Filter>
    </ClInclude>
    <ClInclude Include="BaseType.h">
      <Filter>Base\utility</Filter>
    </ClInclude>
    <ClInclude Include="Callable.hpp">
      <Filter>Base\utility</Filter>
    </ClInclude>
    <ClInclude Include="DoubleBuffer.h">
      <Filter>Base\utility</Filter>
    </ClInclude>
    <ClInclude Include="InputDevice.h">
      <Filter>Base\utility</Filter>
    </ClInclude>
    <ClInclude Include="MainWindow.hpp">
      <Filter>Base\utility</Filter>
    </ClInclude>
    <ClInclude Include="Utility.hpp">
      <Filter>Base\utility</Filter>
    </ClInclude>
    <ClInclude Include="Control.h">
      <Filter>Base\control</Filter>
    </ClInclude>
  </ItemGroup>
</Project>